
Microsoft Visual Studio Solution File, Format Version 12.00
# Visual Studio 2013
VisualStudioVersion = 12.0.31101.0
MinimumVisualStudioVersion = 10.0.40219.1
Project("{FAE04EC0-301F-11D3-BF4B-00C04F79EFBC}") = "PracticalHTML5.Web", "PracticalHTML\PracticalHTML5.Web.csproj", "{8F8BE26B-04CA-43D5-8505-CF1DCBC3EE05}"
EndProject
Global
	GlobalSection(TeamFoundationVersionControl) = preSolution
		SccNumberOfProjects = 2
		SccEnterpriseProvider = {4CA58AB2-18FA-4F8D-95D4-32DDF27D184C}
		SccTeamFoundationServer = https://legacycoder.visualstudio.com/defaultcollection
		SccLocalPath0 = .
		SccProjectUniqueName1 = PracticalHTML\\PracticalHTML5.Web.csproj
		SccProjectName1 = PracticalHTML
		SccLocalPath1 = PracticalHTML
	EndGlobalSection
	GlobalSection(SolutionConfigurationPlatforms) = preSolution
		Debug|Any CPU = Debug|Any CPU
		Release|Any CPU = Release|Any CPU
	EndGlobalSection
	GlobalSection(ProjectConfigurationPlatforms) = postSolution
		{8F8BE26B-04CA-43D5-8505-CF1DCBC3EE05}.Debug|Any CPU.ActiveCfg = Debug|Any CPU
		{8F8BE26B-04CA-43D5-8505-CF1DCBC3EE05}.Debug|Any CPU.Build.0 = Debug|Any CPU
		{8F8BE26B-04CA-43D5-8505-CF1DCBC3EE05}.Release|Any CPU.ActiveCfg = Release|Any CPU
		{8F8BE26B-04CA-43D5-8505-CF1DCBC3EE05}.Release|Any CPU.Build.0 = Release|Any CPU
	EndGlobalSection
	GlobalSection(SolutionProperties) = preSolution
		HideSolutionNode = FALSE
	EndGlobalSection
EndGlobal
